# THIS IS AN AUTOGENERATED FILE. DO NOT EDIT THIS FILE DIRECTLY.
# yarn lockfile v1


performance-now@^2.1.0:
  version "2.1.0"
  resolved "https://registry.yarnpkg.com/performance-now/-/performance-now-2.1.0.tgz#6309f4e0e5fa913ec1c69307ae364b4b377c9e7b"

raf@^3.1.0:
  version "3.4.0"
  resolved "https://registry.yarnpkg.com/raf/-/raf-3.4.0.tgz#a28876881b4bc2ca9117d4138163ddb80f781575"
  dependencies:
    performance-now "^2.1.0"

react-timer-mixin@^0.13.3:
  version "0.13.3"
  resolved "https://registry.yarnpkg.com/react-timer-mixin/-/react-timer-mixin-0.13.3.tgz#0da8b9f807ec07dc3e854d082c737c65605b3d22"

react-tween-state@^0.1.5:
  version "0.1.5"
  resolved "https://registry.yarnpkg.com/react-tween-state/-/react-tween-state-0.1.5.tgz#e98b066551efb93cb92dd1be14995c2e3deae339"
  dependencies:
    raf "^3.1.0"
    tween-functions "^1.0.1"

tween-functions@^1.0.1:
  version "1.2.0"
  resolved "https://registry.yarnpkg.com/tween-functions/-/tween-functions-1.2.0.tgz#1ae3a50e7c60bb3def774eac707acbca73bbc3ff"
